
Microsoft Visual Studio Solution File, Format Version 12.00
# Visual Studio Version 17
VisualStudioVersion = 17.10.35027.167
MinimumVisualStudioVersion = 10.0.40219.1
Project("{FAE04EC0-301F-11D3-BF4B-00C04F79EFBC}") = "MidTerm1", "MidTerm1\MidTerm1.csproj", "{E8872B19-3E35-4A3E-BB0B-963551675991}"
EndProject
Global
	GlobalSection(SolutionConfigurationPlatforms) = preSolution
		Debug|Any CPU = Debug|Any CPU
		Release|Any CPU = Release|Any CPU
	EndGlobalSection
	GlobalSection(ProjectConfigurationPlatforms) = postSolution
		{E8872B19-3E35-4A3E-BB0B-963551675991}.Debug|Any CPU.ActiveCfg = Debug|Any CPU
		{E8872B19-3E35-4A3E-BB0B-963551675991}.Debug|Any CPU.Build.0 = Debug|Any CPU
		{E8872B19-3E35-4A3E-BB0B-963551675991}.Release|Any CPU.ActiveCfg = Release|Any CPU
		{E8872B19-3E35-4A3E-BB0B-963551675991}.Release|Any CPU.Build.0 = Release|Any CPU
	EndGlobalSection
	GlobalSection(SolutionProperties) = preSolution
		HideSolutionNode = FALSE
	EndGlobalSection
	GlobalSection(ExtensibilityGlobals) = postSolution
		SolutionGuid = {B4934633-58B0-4E2E-8C8D-8E2975130DE4}
	EndGlobalSection
EndGlobal
